// !$*UTF8*$!
{
	archiveVersion = 1;
	classes = {
	};
	objectVersion = 48;
	objects = {

/* Begin PBXBuildFile section */
		ABBEBB4320BFFADE00B0F1D9 /* ATSSDK_iOS.framework in Frameworks */ = {isa = PBXBuildFile; fileRef = ABBEBB3920BFFADE00B0F1D9 /* ATSSDK_iOS.framework */; };
		ABBEBB4820BFFADE00B0F1D9 /* ATSSDK_iOSTests.swift in Sources */ = {isa = PBXBuildFile; fileRef = ABBEBB4720BFFADE00B0F1D9 /* ATSSDK_iOSTests.swift */; };
		ABBEBB4A20BFFADE00B0F1D9 /* ATSSDK_iOS.h in Headers */ = {isa = PBXBuildFile; fileRef = ABBEBB3C20BFFADE00B0F1D9 /* ATSSDK_iOS.h */; settings = {ATTRIBUTES = (Public, ); }; };
/* End PBXBuildFile section */

/* Begin PBXContainerItemProxy section */
		ABBEBB4420BFFADE00B0F1D9 /* PBXContainerItemProxy */ = {
			isa = PBXContainerItemProxy;
			containerPortal = ABBEBB3020BFFADE00B0F1D9 /* Project object */;
			proxyType = 1;
			remoteGlobalIDString = ABBEBB3820BFFADE00B0F1D9;
			remoteInfo = "ATSSDK-iOS";
		};
/* End PBXContainerItemProxy section */

/* Begin PBXFileReference section */
		ABBEBB3920BFFADE00B0F1D9 /* ATSSDK_iOS.framework */ = {isa = PBXFileReference; explicitFileType = wrapper.framework; includeInIndex = 0; path = ATSSDK_iOS.framework; sourceTree = BUILT_PRODUCTS_DIR; };
		ABBEBB3C20BFFADE00B0F1D9 /* ATSSDK_iOS.h */ = {isa = PBXFileReference; lastKnownFileType = sourcecode.c.h; path = ATSSDK_iOS.h; sourceTree = "<group>"; };
		ABBEBB3D20BFFADE00B0F1D9 /* Info.plist */ = {isa = PBXFileReference; lastKnownFileType = text.plist.xml; path = Info.plist; sourceTree = "<group>"; };
		ABBEBB4220BFFADE00B0F1D9 /* ATSSDK-iOSTests.xctest */ = {isa = PBXFileReference; explicitFileType = wrapper.cfbundle; includeInIndex = 0; path = "ATSSDK-iOSTests.xctest"; sourceTree = BUILT_PRODUCTS_DIR; };
		ABBEBB4720BFFADE00B0F1D9 /* ATSSDK_iOSTests.swift */ = {isa = PBXFileReference; lastKnownFileType = sourcecode.swift; path = ATSSDK_iOSTests.swift; sourceTree = "<group>"; };
		ABBEBB4920BFFADE00B0F1D9 /* Info.plist */ = {isa = PBXFileReference; lastKnownFileType = text.plist.xml; path = Info.plist; sourceTree = "<group>"; };
/* End PBXFileReference section */

/* Begin PBXFrameworksBuildPhase section */
		ABBEBB3520BFFADE00B0F1D9 /* Frameworks */ = {
			isa = PBXFrameworksBuildPhase;
			buildActionMask = 2147483647;
			files = (
			);
			runOnlyForDeploymentPostprocessing = 0;
		};
		ABBEBB3F20BFFADE00B0F1D9 /* Frameworks */ = {
			isa = PBXFrameworksBuildPhase;
			buildActionMask = 2147483647;
			files = (
				ABBEBB4320BFFADE00B0F1D9 /* ATSSDK_iOS.framework in Frameworks */,
			);
			runOnlyForDeploymentPostprocessing = 0;
		};
/* End PBXFrameworksBuildPhase section */

/* Begin PBXGroup section */
		ABBEBB2F20BFFADE00B0F1D9 = {
			isa = PBXGroup;
			children = (
				ABBEBB3B20BFFADE00B0F1D9 /* ATSSDK-iOS */,
				ABBEBB4620BFFADE00B0F1D9 /* ATSSDK-iOSTests */,
				ABBEBB3A20BFFADE00B0F1D9 /* Products */,
			);
			sourceTree = "<group>";
		};
		ABBEBB3A20BFFADE00B0F1D9 /* Products */ = {
			isa = PBXGroup;
			children = (
				ABBEBB3920BFFADE00B0F1D9 /* ATSSDK_iOS.framework */,
				ABBEBB4220BFFADE00B0F1D9 /* ATSSDK-iOSTests.xctest */,
			);
			name = Products;
			sourceTree = "<group>";
		};
		ABBEBB3B20BFFADE00B0F1D9 /* ATSSDK-iOS */ = {
			isa = PBXGroup;
			children = (
				ABBEBB3C20BFFADE00B0F1D9 /* ATSSDK_iOS.h */,
				ABBEBB3D20BFFADE00B0F1D9 /* Info.plist */,
			);
			path = "ATSSDK-iOS";
			sourceTree = "<group>";
		};
		ABBEBB4620BFFADE00B0F1D9 /* ATSSDK-iOSTests */ = {
			isa = PBXGroup;
			children = (
				ABBEBB4720BFFADE00B0F1D9 /* ATSSDK_iOSTests.swift */,
				ABBEBB4920BFFADE00B0F1D9 /* Info.plist */,
			);
			path = "ATSSDK-iOSTests";
			sourceTree = "<group>";
		};
/* End PBXGroup section */

/* Begin PBXHeadersBuildPhase section */
		ABBEBB3620BFFADE00B0F1D9 /* Headers */ = {
			isa = PBXHeadersBuildPhase;
			buildActionMask = 2147483647;
			files = (
				ABBEBB4A20BFFADE00B0F1D9 /* ATSSDK_iOS.h in Headers */,
			);
			runOnlyForDeploymentPostprocessing = 0;
		};
/* End PBXHeadersBuildPhase section */

/* Begin PBXNativeTarget section */
		ABBEBB3820BFFADE00B0F1D9 /* ATSSDK-iOS */ = {
			isa = PBXNativeTarget;
			buildConfigurationList = ABBEBB4D20BFFADE00B0F1D9 /* Build configuration list for PBXNativeTarget "ATSSDK-iOS" */;
			buildPhases = (
				ABBEBB3420BFFADE00B0F1D9 /* Sources */,
				ABBEBB3520BFFADE00B0F1D9 /* Frameworks */,
				ABBEBB3620BFFADE00B0F1D9 /* Headers */,
				ABBEBB3720BFFADE00B0F1D9 /* Resources */,
			);
			buildRules = (
			);
			dependencies = (
			);
			name = "ATSSDK-iOS";
			productName = "ATSSDK-iOS";
			productReference = ABBEBB3920BFFADE00B0F1D9 /* ATSSDK_iOS.framework */;
			productType = "com.apple.product-type.framework";
		};
		ABBEBB4120BFFADE00B0F1D9 /* ATSSDK-iOSTests */ = {
			isa = PBXNativeTarget;
			buildConfigurationList = ABBEBB5020BFFADE00B0F1D9 /* Build configuration list for PBXNativeTarget "ATSSDK-iOSTests" */;
			buildPhases = (
				ABBEBB3E20BFFADE00B0F1D9 /* Sources */,
				ABBEBB3F20BFFADE00B0F1D9 /* Frameworks */,
				ABBEBB4020BFFADE00B0F1D9 /* Resources */,
			);
			buildRules = (
			);
			dependencies = (
				ABBEBB4520BFFADE00B0F1D9 /* PBXTargetDependency */,
			);
			name = "ATSSDK-iOSTests";
			productName = "ATSSDK-iOSTests";
			productReference = ABBEBB4220BFFADE00B0F1D9 /* ATSSDK-iOSTests.xctest */;
			productType = "com.apple.product-type.bundle.unit-test";
		};
/* End PBXNativeTarget section */

/* Begin PBXProject section */
		ABBEBB3020BFFADE00B0F1D9 /* Project object */ = {
			isa = PBXProject;
			attributes = {
				LastSwiftUpdateCheck = 0920;
				LastUpgradeCheck = 0920;
				ORGANIZATIONNAME = "Joyce, Andrew";
				TargetAttributes = {
					ABBEBB3820BFFADE00B0F1D9 = {
						CreatedOnToolsVersion = 9.2;
						ProvisioningStyle = Automatic;
					};
					ABBEBB4120BFFADE00B0F1D9 = {
						CreatedOnToolsVersion = 9.2;
						ProvisioningStyle = Automatic;
					};
				};
			};
			buildConfigurationList = ABBEBB3320BFFADE00B0F1D9 /* Build configuration list for PBXProject "ATSSDK-iOS" */;
			compatibilityVersion = "Xcode 8.0";
			developmentRegion = en;
			hasScannedForEncodings = 0;
			knownRegions = (
				en,
			);
			mainGroup = ABBEBB2F20BFFADE00B0F1D9;
			productRefGroup = ABBEBB3A20BFFADE00B0F1D9 /* Products */;
			projectDirPath = "";
			projectRoot = "";
			targets = (
				ABBEBB3820BFFADE00B0F1D9 /* ATSSDK-iOS */,
				ABBEBB4120BFFADE00B0F1D9 /* ATSSDK-iOSTests */,
			);
		};
/* End PBXProject section */

/* Begin PBXResourcesBuildPhase section */
		ABBEBB3720BFFADE00B0F1D9 /* Resources */ = {
			isa = PBXResourcesBuildPhase;
			buildActionMask = 2147483647;
			files = (
			);
			runOnlyForDeploymentPostprocessing = 0;
		};
		ABBEBB4020BFFADE00B0F1D9 /* Resources */ = {
			isa = PBXResourcesBuildPhase;
			buildActionMask = 2147483647;
			files = (
			);
			runOnlyForDeploymentPostprocessing = 0;
		};
/* End PBXResourcesBuildPhase section */

/* Begin PBXSourcesBuildPhase section */
		ABBEBB3420BFFADE00B0F1D9 /* Sources */ = {
			isa = PBXSourcesBuildPhase;
			buildActionMask = 2147483647;
			files = (
			);
			runOnlyForDeploymentPostprocessing = 0;
		};
		ABBEBB3E20BFFADE00B0F1D9 /* Sources */ = {
			isa = PBXSourcesBuildPhase;
			buildActionMask = 2147483647;
			files = (
				ABBEBB4820BFFADE00B0F1D9 /* ATSSDK_iOSTests.swift in Sources */,
			);
			runOnlyForDeploymentPostprocessing = 0;
		};
/* End PBXSourcesBuildPhase section */

/* Begin PBXTargetDependency section */
		ABBEBB4520BFFADE00B0F1D9 /* PBXTargetDependency */ = {
			isa = PBXTargetDependency;
			target = ABBEBB3820BFFADE00B0F1D9 /* ATSSDK-iOS */;
			targetProxy = ABBEBB4420BFFADE00B0F1D9 /* PBXContainerItemProxy */;
		};
/* End PBXTargetDependency section */

/* Begin XCBuildConfiguration section */
		ABBEBB4B20BFFADE00B0F1D9 /* Debug */ = {
			isa = XCBuildConfiguration;
			buildSettings = {
				ALWAYS_SEARCH_USER_PATHS = NO;
				CLANG_ANALYZER_NONNULL = YES;
				CLANG_ANALYZER_NUMBER_OBJECT_CONVERSION = YES_AGGRESSIVE;
				CLANG_CXX_LANGUAGE_STANDARD = "gnu++14";
				CLANG_CXX_LIBRARY = "libc++";
				CLANG_ENABLE_MODULES = YES;
				CLANG_ENABLE_OBJC_ARC = YES;
				CLANG_WARN_BLOCK_CAPTURE_AUTORELEASING = YES;
				CLANG_WARN_BOOL_CONVERSION = YES;
				CLANG_WARN_COMMA = YES;
				CLANG_WARN_CONSTANT_CONVERSION = YES;
				CLANG_WARN_DIRECT_OBJC_ISA_USAGE = YES_ERROR;
				CLANG_WARN_DOCUMENTATION_COMMENTS = YES;
				CLANG_WARN_EMPTY_BODY = YES;
				CLANG_WARN_ENUM_CONVERSION = YES;
				CLANG_WARN_INFINITE_RECURSION = YES;
				CLANG_WARN_INT_CONVERSION = YES;
				CLANG_WARN_NON_LITERAL_NULL_CONVERSION = YES;
				CLANG_WARN_OBJC_LITERAL_CONVERSION = YES;
				CLANG_WARN_OBJC_ROOT_CLASS = YES_ERROR;
				CLANG_WARN_RANGE_LOOP_ANALYSIS = YES;
				CLANG_WARN_STRICT_PROTOTYPES = YES;
				CLANG_WARN_SUSPICIOUS_MOVE = YES;
				CLANG_WARN_UNGUARDED_AVAILABILITY = YES_AGGRESSIVE;
				CLANG_WARN_UNREACHABLE_CODE = YES;
				CLANG_WARN__DUPLICATE_METHOD_MATCH = YES;
				CODE_SIGN_IDENTITY = "iPhone Developer";
				COPY_PHASE_STRIP = NO;
				CURRENT_PROJECT_VERSION = 1;
				DEBUG_INFORMATION_FORMAT = dwarf;
				ENABLE_STRICT_OBJC_MSGSEND = YES;
				ENABLE_TESTABILITY = YES;
				GCC_C_LANGUAGE_STANDARD = gnu11;
				GCC_DYNAMIC_NO_PIC = NO;
				GCC_NO_COMMON_BLOCKS = YES;
				GCC_OPTIMIZATION_LEVEL = 0;
				GCC_PREPROCESSOR_DEFINITIONS = (
					"DEBUG=1",
					"$(inherited)",
				);
				GCC_WARN_64_TO_32_BIT_CONVERSION = YES;
				GCC_WARN_ABOUT_RETURN_TYPE = YES_ERROR;
				GCC_WARN_UNDECLARED_SELECTOR = YES;
				GCC_WARN_UNINITIALIZED_AUTOS = YES_AGGRESSIVE;
				GCC_WARN_UNUSED_FUNCTION = YES;
				GCC_WARN_UNUSED_VARIABLE = YES;
				IPHONEOS_DEPLOYMENT_TARGET = 11.2;
				MTL_ENABLE_DEBUG_INFO = YES;
				ONLY_ACTIVE_ARCH = YES;
				SDKROOT = iphoneos;
				SWIFT_ACTIVE_COMPILATION_CONDITIONS = DEBUG;
				SWIFT_OPTIMIZATION_LEVEL = "-Onone";
				VERSIONING_SYSTEM = "apple-generic";
				VERSION_INFO_PREFIX = "";
			};
			name = Debug;
		};
		ABBEBB4C20BFFADE00B0F1D9 /* Release */ = {
			isa = XCBuildConfiguration;
			buildSettings = {
				ALWAYS_SEARCH_USER_PATHS = NO;
				CLANG_ANALYZER_NONNULL = YES;
				CLANG_ANALYZER_NUMBER_OBJECT_CONVERSION = YES_AGGRESSIVE;
				CLANG_CXX_LANGUAGE_STANDARD = "gnu++14";
				CLANG_CXX_LIBRARY = "libc++";
				CLANG_ENABLE_MODULES = YES;
				CLANG_ENABLE_OBJC_ARC = YES;
				CLANG_WARN_BLOCK_CAPTURE_AUTORELEASING = YES;
				CLANG_WARN_BOOL_CONVERSION = YES;
				CLANG_WARN_COMMA = YES;
				CLANG_WARN_CONSTANT_CONVERSION = YES;
				CLANG_WARN_DIRECT_OBJC_ISA_USAGE = YES_ERROR;
				CLANG_WARN_DOCUMENTATION_COMMENTS = YES;
				CLANG_WARN_EMPTY_BODY = YES;
				CLANG_WARN_ENUM_CONVERSION = YES;
				CLANG_WARN_INFINITE_RECURSION = YES;
				CLANG_WARN_INT_CONVERSION = YES;
				CLANG_WARN_NON_LITERAL_NULL_CONVERSION = YES;
				CLANG_WARN_OBJC_LITERAL_CONVERSION = YES;
				CLANG_WARN_OBJC_ROOT_CLASS = YES_ERROR;
				CLANG_WARN_RANGE_LOOP_ANALYSIS = YES;
				CLANG_WARN_STRICT_PROTOTYPES = YES;
				CLANG_WARN_SUSPICIOUS_MOVE = YES;
				CLANG_WARN_UNGUARDED_AVAILABILITY = YES_AGGRESSIVE;
				CLANG_WARN_UNREACHABLE_CODE = YES;
				CLANG_WARN__DUPLICATE_METHOD_MATCH = YES;
				CODE_SIGN_IDENTITY = "iPhone Developer";
				COPY_PHASE_STRIP = NO;
				CURRENT_PROJECT_VERSION = 1;
				DEBUG_INFORMATION_FORMAT = "dwarf-with-dsym";
				ENABLE_NS_ASSERTIONS = NO;
				ENABLE_STRICT_OBJC_MSGSEND = YES;
				GCC_C_LANGUAGE_STANDARD = gnu11;
				GCC_NO_COMMON_BLOCKS = YES;
				GCC_WARN_64_TO_32_BIT_CONVERSION = YES;
				GCC_WARN_ABOUT_RETURN_TYPE = YES_ERROR;
				GCC_WARN_UNDECLARED_SELECTOR = YES;
				GCC_WARN_UNINITIALIZED_AUTOS = YES_AGGRESSIVE;
				GCC_WARN_UNUSED_FUNCTION = YES;
				GCC_WARN_UNUSED_VARIABLE = YES;
				IPHONEOS_DEPLOYMENT_TARGET = 11.2;
				MTL_ENABLE_DEBUG_INFO = NO;
				SDKROOT = iphoneos;
				SWIFT_OPTIMIZATION_LEVEL = "-Owholemodule";
				VALIDATE_PRODUCT = YES;
				VERSIONING_SYSTEM = "apple-generic";
				VERSION_INFO_PREFIX = "";
			};
			name = Release;
		};
		ABBEBB4E20BFFADE00B0F1D9 /* Debug */ = {
			isa = XCBuildConfiguration;
			buildSettings = {
				CODE_SIGN_IDENTITY = "";
				CODE_SIGN_STYLE = Automatic;
				DEFINES_MODULE = YES;
				DYLIB_COMPATIBILITY_VERSION = 1;
				DYLIB_CURRENT_VERSION = 1;
				DYLIB_INSTALL_NAME_BASE = "@rpath";
				INFOPLIST_FILE = "ATSSDK-iOS/Info.plist";
				INSTALL_PATH = "$(LOCAL_LIBRARY_DIR)/Frameworks";
				LD_RUNPATH_SEARCH_PATHS = "$(inherited) @executable_path/Frameworks @loader_path/Frameworks";
				PRODUCT_BUNDLE_IDENTIFIER = "com.mastercard.gateway.ATSSDK-iOS.ATSSDK-iOS";
				PRODUCT_NAME = "$(TARGET_NAME:c99extidentifier)";
				SKIP_INSTALL = YES;
				SWIFT_VERSION = 4.0;
				TARGETED_DEVICE_FAMILY = "1,2";
			};
			name = Debug;
		};
		ABBEBB4F20BFFADE00B0F1D9 /* Release */ = {
			isa = XCBuildConfiguration;
			buildSettings = {
				CODE_SIGN_IDENTITY = "";
				CODE_SIGN_STYLE = Automatic;
				DEFINES_MODULE = YES;
				DYLIB_COMPATIBILITY_VERSION = 1;
				DYLIB_CURRENT_VERSION = 1;
				DYLIB_INSTALL_NAME_BASE = "@rpath";
				INFOPLIST_FILE = "ATSSDK-iOS/Info.plist";
				INSTALL_PATH = "$(LOCAL_LIBRARY_DIR)/Frameworks";
				LD_RUNPATH_SEARCH_PATHS = "$(inherited) @executable_path/Frameworks @loader_path/Frameworks";
				PRODUCT_BUNDLE_IDENTIFIER = "com.mastercard.gateway.ATSSDK-iOS.ATSSDK-iOS";
				PRODUCT_NAME = "$(TARGET_NAME:c99extidentifier)";
				SKIP_INSTALL = YES;
				SWIFT_VERSION = 4.0;
				TARGETED_DEVICE_FAMILY = "1,2";
			};
			name = Release;
		};
		ABBEBB5120BFFADE00B0F1D9 /* Debug */ = {
			isa = XCBuildConfiguration;
			buildSettings = {
				CODE_SIGN_STYLE = Automatic;
				INFOPLIST_FILE = "ATSSDK-iOSTests/Info.plist";
				LD_RUNPATH_SEARCH_PATHS = "$(inherited) @executable_path/Frameworks @loader_path/Frameworks";
				PRODUCT_BUNDLE_IDENTIFIER = "com.mastercard.gateway.ATSSDK-iOS.ATSSDK-iOSTests";
				PRODUCT_NAME = "$(TARGET_NAME)";
				SWIFT_VERSION = 4.0;
				TARGETED_DEVICE_FAMILY = "1,2";
			};
			name = Debug;
		};
		ABBEBB5220BFFADE00B0F1D9 /* Release */ = {
			isa = XCBuildConfiguration;
			buildSettings = {
				CODE_SIGN_STYLE = Automatic;
				INFOPLIST_FILE = "ATSSDK-iOSTests/Info.plist";
				LD_RUNPATH_SEARCH_PATHS = "$(inherited) @executable_path/Frameworks @loader_path/Frameworks";
				PRODUCT_BUNDLE_IDENTIFIER = "com.mastercard.gateway.ATSSDK-iOS.ATSSDK-iOSTests";
				PRODUCT_NAME = "$(TARGET_NAME)";
				SWIFT_VERSION = 4.0;
				TARGETED_DEVICE_FAMILY = "1,2";
			};
			name = Release;
		};
/* End XCBuildConfiguration section */

/* Begin XCConfigurationList section */
		ABBEBB3320BFFADE00B0F1D9 /* Build configuration list for PBXProject "ATSSDK-iOS" */ = {
			isa = XCConfigurationList;
			buildConfigurations = (
				ABBEBB4B20BFFADE00B0F1D9 /* Debug */,
				ABBEBB4C20BFFADE00B0F1D9 /* Release */,
			);
			defaultConfigurationIsVisible = 0;
			defaultConfigurationName = Release;
		};
		ABBEBB4D20BFFADE00B0F1D9 /* Build configuration list for PBXNativeTarget "ATSSDK-iOS" */ = {
			isa = XCConfigurationList;
			buildConfigurations = (
				ABBEBB4E20BFFADE00B0F1D9 /* Debug */,
				ABBEBB4F20BFFADE00B0F1D9 /* Release */,
			);
			defaultConfigurationIsVisible = 0;
			defaultConfigurationName = Release;
		};
		ABBEBB5020BFFADE00B0F1D9 /* Build configuration list for PBXNativeTarget "ATSSDK-iOSTests" */ = {
			isa = XCConfigurationList;
			buildConfigurations = (
				ABBEBB5120BFFADE00B0F1D9 /* Debug */,
				ABBEBB5220BFFADE00B0F1D9 /* Release */,
			);
			defaultConfigurationIsVisible = 0;
			defaultConfigurationName = Release;
		};
/* End XCConfigurationList section */
	};
	rootObject = ABBEBB3020BFFADE00B0F1D9 /* Project object */;
}
