// !$*UTF8*$!
{
	archiveVersion = 1;
	classes = {
	};
	objectVersion = 48;
	objects = {

/* Begin PBXBuildFile section */
		33EB6A3520F4EE67007F5251 /* SelectionTableViewController.swift in Sources */ = {isa = PBXBuildFile; fileRef = 33EB6A3420F4EE67007F5251 /* SelectionTableViewController.swift */; };
		33EB6A3720F4F1F0007F5251 /* ConfigurationViewController.swift in Sources */ = {isa = PBXBuildFile; fileRef = 33EB6A3620F4F1F0007F5251 /* ConfigurationViewController.swift */; };
		33F1A3B320F74A5F00D10800 /* Configuration.swift in Sources */ = {isa = PBXBuildFile; fileRef = 33F1A3B220F74A5F00D10800 /* Configuration.swift */; };
		33F1A3B520F78BD700D10800 /* OverviewViewController.swift in Sources */ = {isa = PBXBuildFile; fileRef = 33F1A3B420F78BD700D10800 /* OverviewViewController.swift */; };
		ABBEBB6020BFFBC700B0F1D9 /* AppDelegate.swift in Sources */ = {isa = PBXBuildFile; fileRef = ABBEBB5F20BFFBC700B0F1D9 /* AppDelegate.swift */; };
		ABBEBB6520BFFBC700B0F1D9 /* Main.storyboard in Resources */ = {isa = PBXBuildFile; fileRef = ABBEBB6320BFFBC700B0F1D9 /* Main.storyboard */; };
		ABBEBB6720BFFBC700B0F1D9 /* Assets.xcassets in Resources */ = {isa = PBXBuildFile; fileRef = ABBEBB6620BFFBC700B0F1D9 /* Assets.xcassets */; };
		ABBEBB6A20BFFBC700B0F1D9 /* LaunchScreen.storyboard in Resources */ = {isa = PBXBuildFile; fileRef = ABBEBB6820BFFBC700B0F1D9 /* LaunchScreen.storyboard */; };
		ABBEBB7520BFFBC700B0F1D9 /* ATSSDK_SampleTests.swift in Sources */ = {isa = PBXBuildFile; fileRef = ABBEBB7420BFFBC700B0F1D9 /* ATSSDK_SampleTests.swift */; };
		B726ECF220F64DBA00324336 /* PaymentViewController.swift in Sources */ = {isa = PBXBuildFile; fileRef = B726ECF120F64DBA00324336 /* PaymentViewController.swift */; };
		B726ECF620F64EB600324336 /* UIViewStyling.swift in Sources */ = {isa = PBXBuildFile; fileRef = B726ECF320F64EB500324336 /* UIViewStyling.swift */; };
		B726ECF720F64EB600324336 /* UIViewController+KeyboardAvoiding.swift in Sources */ = {isa = PBXBuildFile; fileRef = B726ECF420F64EB500324336 /* UIViewController+KeyboardAvoiding.swift */; };
		B726ECFB20F677B200324336 /* UIViewController+Alert.swift in Sources */ = {isa = PBXBuildFile; fileRef = B726ECFA20F677B200324336 /* UIViewController+Alert.swift */; };
		B7EA462320F931B900B5ED91 /* PaymentResultViewController.swift in Sources */ = {isa = PBXBuildFile; fileRef = B7EA462220F931B900B5ED91 /* PaymentResultViewController.swift */; };
		B7EA462420F932D400B5ED91 /* GradientView.swift in Sources */ = {isa = PBXBuildFile; fileRef = B726ECF520F64EB500324336 /* GradientView.swift */; };
		B7F2A322210A5EE000FAE75C /* ATS_Client_SDK.framework in Frameworks */ = {isa = PBXBuildFile; fileRef = B7F2A24D210A5DB200FAE75C /* ATS_Client_SDK.framework */; };
		B7F2A323210A5EE000FAE75C /* ATS_Client_SDK.framework in Embed Frameworks */ = {isa = PBXBuildFile; fileRef = B7F2A24D210A5DB200FAE75C /* ATS_Client_SDK.framework */; settings = {ATTRIBUTES = (CodeSignOnCopy, RemoveHeadersOnCopy, ); }; };
		B7F2A324210A5EE000FAE75C /* ATS_Common.framework in Frameworks */ = {isa = PBXBuildFile; fileRef = B7F2A24F210A5DB200FAE75C /* ATS_Common.framework */; };
		B7F2A325210A5EE000FAE75C /* ATS_Common.framework in Embed Frameworks */ = {isa = PBXBuildFile; fileRef = B7F2A24F210A5DB200FAE75C /* ATS_Common.framework */; settings = {ATTRIBUTES = (CodeSignOnCopy, RemoveHeadersOnCopy, ); }; };
		B7F2A326210A5EE000FAE75C /* ATS_Device_SDK.framework in Frameworks */ = {isa = PBXBuildFile; fileRef = B7F2A251210A5DB200FAE75C /* ATS_Device_SDK.framework */; };
		B7F2A327210A5EE000FAE75C /* ATS_Device_SDK.framework in Embed Frameworks */ = {isa = PBXBuildFile; fileRef = B7F2A251210A5DB200FAE75C /* ATS_Device_SDK.framework */; settings = {ATTRIBUTES = (CodeSignOnCopy, RemoveHeadersOnCopy, ); }; };
/* End PBXBuildFile section */

/* Begin PBXContainerItemProxy section */
		ABBEBB7120BFFBC700B0F1D9 /* PBXContainerItemProxy */ = {
			isa = PBXContainerItemProxy;
			containerPortal = ABBEBB5420BFFBC700B0F1D9 /* Project object */;
			proxyType = 1;
			remoteGlobalIDString = ABBEBB5B20BFFBC700B0F1D9;
			remoteInfo = "ATSSDK-Sample";
		};
/* End PBXContainerItemProxy section */

/* Begin PBXCopyFilesBuildPhase section */
		B7122DE1210617F900182A3A /* Embed Frameworks */ = {
			isa = PBXCopyFilesBuildPhase;
			buildActionMask = 2147483647;
			dstPath = "";
			dstSubfolderSpec = 10;
			files = (
				B7F2A325210A5EE000FAE75C /* ATS_Common.framework in Embed Frameworks */,
				B7F2A327210A5EE000FAE75C /* ATS_Device_SDK.framework in Embed Frameworks */,
				B7F2A323210A5EE000FAE75C /* ATS_Client_SDK.framework in Embed Frameworks */,
			);
			name = "Embed Frameworks";
			runOnlyForDeploymentPostprocessing = 0;
		};
/* End PBXCopyFilesBuildPhase section */

/* Begin PBXFileReference section */
		33EB6A3420F4EE67007F5251 /* SelectionTableViewController.swift */ = {isa = PBXFileReference; lastKnownFileType = sourcecode.swift; path = SelectionTableViewController.swift; sourceTree = "<group>"; };
		33EB6A3620F4F1F0007F5251 /* ConfigurationViewController.swift */ = {isa = PBXFileReference; lastKnownFileType = sourcecode.swift; path = ConfigurationViewController.swift; sourceTree = "<group>"; };
		33F1A3B220F74A5F00D10800 /* Configuration.swift */ = {isa = PBXFileReference; lastKnownFileType = sourcecode.swift; path = Configuration.swift; sourceTree = "<group>"; };
		33F1A3B420F78BD700D10800 /* OverviewViewController.swift */ = {isa = PBXFileReference; lastKnownFileType = sourcecode.swift; path = OverviewViewController.swift; sourceTree = "<group>"; };
		ABBEBB5C20BFFBC700B0F1D9 /* ATSSDK-Sample.app */ = {isa = PBXFileReference; explicitFileType = wrapper.application; includeInIndex = 0; path = "ATSSDK-Sample.app"; sourceTree = BUILT_PRODUCTS_DIR; };
		ABBEBB5F20BFFBC700B0F1D9 /* AppDelegate.swift */ = {isa = PBXFileReference; lastKnownFileType = sourcecode.swift; path = AppDelegate.swift; sourceTree = "<group>"; };
		ABBEBB6420BFFBC700B0F1D9 /* Base */ = {isa = PBXFileReference; lastKnownFileType = file.storyboard; name = Base; path = Base.lproj/Main.storyboard; sourceTree = "<group>"; };
		ABBEBB6620BFFBC700B0F1D9 /* Assets.xcassets */ = {isa = PBXFileReference; lastKnownFileType = folder.assetcatalog; path = Assets.xcassets; sourceTree = "<group>"; };
		ABBEBB6920BFFBC700B0F1D9 /* Base */ = {isa = PBXFileReference; lastKnownFileType = file.storyboard; name = Base; path = Base.lproj/LaunchScreen.storyboard; sourceTree = "<group>"; };
		ABBEBB6B20BFFBC700B0F1D9 /* Info.plist */ = {isa = PBXFileReference; lastKnownFileType = text.plist.xml; path = Info.plist; sourceTree = "<group>"; };
		ABBEBB7020BFFBC700B0F1D9 /* ATSSDK-SampleTests.xctest */ = {isa = PBXFileReference; explicitFileType = wrapper.cfbundle; includeInIndex = 0; path = "ATSSDK-SampleTests.xctest"; sourceTree = BUILT_PRODUCTS_DIR; };
		ABBEBB7420BFFBC700B0F1D9 /* ATSSDK_SampleTests.swift */ = {isa = PBXFileReference; lastKnownFileType = sourcecode.swift; path = ATSSDK_SampleTests.swift; sourceTree = "<group>"; };
		ABBEBB7620BFFBC700B0F1D9 /* Info.plist */ = {isa = PBXFileReference; lastKnownFileType = text.plist.xml; path = Info.plist; sourceTree = "<group>"; };
		B726ECF120F64DBA00324336 /* PaymentViewController.swift */ = {isa = PBXFileReference; lastKnownFileType = sourcecode.swift; path = PaymentViewController.swift; sourceTree = "<group>"; };
		B726ECF320F64EB500324336 /* UIViewStyling.swift */ = {isa = PBXFileReference; lastKnownFileType = sourcecode.swift; path = UIViewStyling.swift; sourceTree = "<group>"; };
		B726ECF420F64EB500324336 /* UIViewController+KeyboardAvoiding.swift */ = {isa = PBXFileReference; lastKnownFileType = sourcecode.swift; path = "UIViewController+KeyboardAvoiding.swift"; sourceTree = "<group>"; };
		B726ECF520F64EB500324336 /* GradientView.swift */ = {isa = PBXFileReference; lastKnownFileType = sourcecode.swift; path = GradientView.swift; sourceTree = "<group>"; };
		B726ECFA20F677B200324336 /* UIViewController+Alert.swift */ = {isa = PBXFileReference; lastKnownFileType = sourcecode.swift; path = "UIViewController+Alert.swift"; sourceTree = "<group>"; };
		B767F30820D3390D0054682A /* ATSSDK-Sample.entitlements */ = {isa = PBXFileReference; lastKnownFileType = text.plist.entitlements; path = "ATSSDK-Sample.entitlements"; sourceTree = "<group>"; };
		B7EA462220F931B900B5ED91 /* PaymentResultViewController.swift */ = {isa = PBXFileReference; lastKnownFileType = sourcecode.swift; path = PaymentResultViewController.swift; sourceTree = "<group>"; };
		B7F2A24D210A5DB200FAE75C /* ATS_Client_SDK.framework */ = {isa = PBXFileReference; explicitFileType = wrapper.framework; path = ATS_Client_SDK.framework; sourceTree = BUILT_PRODUCTS_DIR; };
		B7F2A24F210A5DB200FAE75C /* ATS_Common.framework */ = {isa = PBXFileReference; explicitFileType = wrapper.framework; path = ATS_Common.framework; sourceTree = BUILT_PRODUCTS_DIR; };
		B7F2A251210A5DB200FAE75C /* ATS_Device_SDK.framework */ = {isa = PBXFileReference; explicitFileType = wrapper.framework; path = ATS_Device_SDK.framework; sourceTree = BUILT_PRODUCTS_DIR; };
/* End PBXFileReference section */

/* Begin PBXFrameworksBuildPhase section */
		ABBEBB5920BFFBC700B0F1D9 /* Frameworks */ = {
			isa = PBXFrameworksBuildPhase;
			buildActionMask = 2147483647;
			files = (
				B7F2A324210A5EE000FAE75C /* ATS_Common.framework in Frameworks */,
				B7F2A326210A5EE000FAE75C /* ATS_Device_SDK.framework in Frameworks */,
				B7F2A322210A5EE000FAE75C /* ATS_Client_SDK.framework in Frameworks */,
			);
			runOnlyForDeploymentPostprocessing = 0;
		};
		ABBEBB6D20BFFBC700B0F1D9 /* Frameworks */ = {
			isa = PBXFrameworksBuildPhase;
			buildActionMask = 2147483647;
			files = (
			);
			runOnlyForDeploymentPostprocessing = 0;
		};
/* End PBXFrameworksBuildPhase section */

/* Begin PBXGroup section */
		ABBEBB5320BFFBC700B0F1D9 = {
			isa = PBXGroup;
			children = (
				ABBEBB5E20BFFBC700B0F1D9 /* ATSSDK-Sample */,
				ABBEBB7320BFFBC700B0F1D9 /* ATSSDK-SampleTests */,
				ABBEBB5D20BFFBC700B0F1D9 /* Products */,
				B7FA2D5120C7281B0034821E /* Frameworks */,
			);
			sourceTree = "<group>";
		};
		ABBEBB5D20BFFBC700B0F1D9 /* Products */ = {
			isa = PBXGroup;
			children = (
				ABBEBB5C20BFFBC700B0F1D9 /* ATSSDK-Sample.app */,
				ABBEBB7020BFFBC700B0F1D9 /* ATSSDK-SampleTests.xctest */,
			);
			name = Products;
			sourceTree = "<group>";
		};
		ABBEBB5E20BFFBC700B0F1D9 /* ATSSDK-Sample */ = {
			isa = PBXGroup;
			children = (
				B767F30820D3390D0054682A /* ATSSDK-Sample.entitlements */,
				ABBEBB6320BFFBC700B0F1D9 /* Main.storyboard */,
				ABBEBB6620BFFBC700B0F1D9 /* Assets.xcassets */,
				ABBEBB6820BFFBC700B0F1D9 /* LaunchScreen.storyboard */,
				ABBEBB6B20BFFBC700B0F1D9 /* Info.plist */,
				ABBEBB5F20BFFBC700B0F1D9 /* AppDelegate.swift */,
				33F1A3B220F74A5F00D10800 /* Configuration.swift */,
				33F1A3B420F78BD700D10800 /* OverviewViewController.swift */,
				33EB6A3620F4F1F0007F5251 /* ConfigurationViewController.swift */,
				33EB6A3420F4EE67007F5251 /* SelectionTableViewController.swift */,
				B726ECF120F64DBA00324336 /* PaymentViewController.swift */,
				B7EA462220F931B900B5ED91 /* PaymentResultViewController.swift */,
				B726ECF920F64EBE00324336 /* View Utilities */,
			);
			path = "ATSSDK-Sample";
			sourceTree = "<group>";
		};
		ABBEBB7320BFFBC700B0F1D9 /* ATSSDK-SampleTests */ = {
			isa = PBXGroup;
			children = (
				ABBEBB7420BFFBC700B0F1D9 /* ATSSDK_SampleTests.swift */,
				ABBEBB7620BFFBC700B0F1D9 /* Info.plist */,
			);
			path = "ATSSDK-SampleTests";
			sourceTree = "<group>";
		};
		B726ECF920F64EBE00324336 /* View Utilities */ = {
			isa = PBXGroup;
			children = (
				B726ECF520F64EB500324336 /* GradientView.swift */,
				B726ECF420F64EB500324336 /* UIViewController+KeyboardAvoiding.swift */,
				B726ECF320F64EB500324336 /* UIViewStyling.swift */,
				B726ECFA20F677B200324336 /* UIViewController+Alert.swift */,
			);
			path = "View Utilities";
			sourceTree = "<group>";
		};
		B7FA2D5120C7281B0034821E /* Frameworks */ = {
			isa = PBXGroup;
			children = (
				B7F2A24D210A5DB200FAE75C /* ATS_Client_SDK.framework */,
				B7F2A24F210A5DB200FAE75C /* ATS_Common.framework */,
				B7F2A251210A5DB200FAE75C /* ATS_Device_SDK.framework */,
			);
			name = Frameworks;
			sourceTree = "<group>";
		};
/* End PBXGroup section */

/* Begin PBXNativeTarget section */
		ABBEBB5B20BFFBC700B0F1D9 /* ATSSDK-Sample */ = {
			isa = PBXNativeTarget;
			buildConfigurationList = ABBEBB7920BFFBC700B0F1D9 /* Build configuration list for PBXNativeTarget "ATSSDK-Sample" */;
			buildPhases = (
				ABBEBB5820BFFBC700B0F1D9 /* Sources */,
				ABBEBB5920BFFBC700B0F1D9 /* Frameworks */,
				ABBEBB5A20BFFBC700B0F1D9 /* Resources */,
				B7122DE1210617F900182A3A /* Embed Frameworks */,
			);
			buildRules = (
			);
			dependencies = (
			);
			name = "ATSSDK-Sample";
			productName = "ATSSDK-Sample";
			productReference = ABBEBB5C20BFFBC700B0F1D9 /* ATSSDK-Sample.app */;
			productType = "com.apple.product-type.application";
		};
		ABBEBB6F20BFFBC700B0F1D9 /* ATSSDK-SampleTests */ = {
			isa = PBXNativeTarget;
			buildConfigurationList = ABBEBB7C20BFFBC700B0F1D9 /* Build configuration list for PBXNativeTarget "ATSSDK-SampleTests" */;
			buildPhases = (
				ABBEBB6C20BFFBC700B0F1D9 /* Sources */,
				ABBEBB6D20BFFBC700B0F1D9 /* Frameworks */,
				ABBEBB6E20BFFBC700B0F1D9 /* Resources */,
			);
			buildRules = (
			);
			dependencies = (
				ABBEBB7220BFFBC700B0F1D9 /* PBXTargetDependency */,
			);
			name = "ATSSDK-SampleTests";
			productName = "ATSSDK-SampleTests";
			productReference = ABBEBB7020BFFBC700B0F1D9 /* ATSSDK-SampleTests.xctest */;
			productType = "com.apple.product-type.bundle.unit-test";
		};
/* End PBXNativeTarget section */

/* Begin PBXProject section */
		ABBEBB5420BFFBC700B0F1D9 /* Project object */ = {
			isa = PBXProject;
			attributes = {
				LastSwiftUpdateCheck = 0920;
				LastUpgradeCheck = 1010;
				ORGANIZATIONNAME = "Joyce, Andrew";
				TargetAttributes = {
					ABBEBB5B20BFFBC700B0F1D9 = {
						CreatedOnToolsVersion = 9.2;
						LastSwiftMigration = 1030;
						ProvisioningStyle = Automatic;
						SystemCapabilities = {
							com.apple.Siri = {
								enabled = 0;
							};
							com.apple.WAC = {
								enabled = 0;
							};
						};
					};
					ABBEBB6F20BFFBC700B0F1D9 = {
						CreatedOnToolsVersion = 9.2;
						LastSwiftMigration = 1030;
						ProvisioningStyle = Automatic;
						TestTargetID = ABBEBB5B20BFFBC700B0F1D9;
					};
				};
			};
			buildConfigurationList = ABBEBB5720BFFBC700B0F1D9 /* Build configuration list for PBXProject "ATSSDK-Sample" */;
			compatibilityVersion = "Xcode 8.0";
			developmentRegion = en;
			hasScannedForEncodings = 0;
			knownRegions = (
				en,
				Base,
			);
			mainGroup = ABBEBB5320BFFBC700B0F1D9;
			productRefGroup = ABBEBB5D20BFFBC700B0F1D9 /* Products */;
			projectDirPath = "";
			projectRoot = "";
			targets = (
				ABBEBB5B20BFFBC700B0F1D9 /* ATSSDK-Sample */,
				ABBEBB6F20BFFBC700B0F1D9 /* ATSSDK-SampleTests */,
			);
		};
/* End PBXProject section */

/* Begin PBXResourcesBuildPhase section */
		ABBEBB5A20BFFBC700B0F1D9 /* Resources */ = {
			isa = PBXResourcesBuildPhase;
			buildActionMask = 2147483647;
			files = (
				ABBEBB6A20BFFBC700B0F1D9 /* LaunchScreen.storyboard in Resources */,
				ABBEBB6720BFFBC700B0F1D9 /* Assets.xcassets in Resources */,
				ABBEBB6520BFFBC700B0F1D9 /* Main.storyboard in Resources */,
			);
			runOnlyForDeploymentPostprocessing = 0;
		};
		ABBEBB6E20BFFBC700B0F1D9 /* Resources */ = {
			isa = PBXResourcesBuildPhase;
			buildActionMask = 2147483647;
			files = (
			);
			runOnlyForDeploymentPostprocessing = 0;
		};
/* End PBXResourcesBuildPhase section */

/* Begin PBXSourcesBuildPhase section */
		ABBEBB5820BFFBC700B0F1D9 /* Sources */ = {
			isa = PBXSourcesBuildPhase;
			buildActionMask = 2147483647;
			files = (
				33F1A3B320F74A5F00D10800 /* Configuration.swift in Sources */,
				33F1A3B520F78BD700D10800 /* OverviewViewController.swift in Sources */,
				ABBEBB6020BFFBC700B0F1D9 /* AppDelegate.swift in Sources */,
				B726ECF720F64EB600324336 /* UIViewController+KeyboardAvoiding.swift in Sources */,
				B726ECF620F64EB600324336 /* UIViewStyling.swift in Sources */,
				B7EA462320F931B900B5ED91 /* PaymentResultViewController.swift in Sources */,
				33EB6A3520F4EE67007F5251 /* SelectionTableViewController.swift in Sources */,
				33EB6A3720F4F1F0007F5251 /* ConfigurationViewController.swift in Sources */,
				B726ECF220F64DBA00324336 /* PaymentViewController.swift in Sources */,
				B726ECFB20F677B200324336 /* UIViewController+Alert.swift in Sources */,
				B7EA462420F932D400B5ED91 /* GradientView.swift in Sources */,
			);
			runOnlyForDeploymentPostprocessing = 0;
		};
		ABBEBB6C20BFFBC700B0F1D9 /* Sources */ = {
			isa = PBXSourcesBuildPhase;
			buildActionMask = 2147483647;
			files = (
				ABBEBB7520BFFBC700B0F1D9 /* ATSSDK_SampleTests.swift in Sources */,
			);
			runOnlyForDeploymentPostprocessing = 0;
		};
/* End PBXSourcesBuildPhase section */

/* Begin PBXTargetDependency section */
		ABBEBB7220BFFBC700B0F1D9 /* PBXTargetDependency */ = {
			isa = PBXTargetDependency;
			target = ABBEBB5B20BFFBC700B0F1D9 /* ATSSDK-Sample */;
			targetProxy = ABBEBB7120BFFBC700B0F1D9 /* PBXContainerItemProxy */;
		};
/* End PBXTargetDependency section */

/* Begin PBXVariantGroup section */
		ABBEBB6320BFFBC700B0F1D9 /* Main.storyboard */ = {
			isa = PBXVariantGroup;
			children = (
				ABBEBB6420BFFBC700B0F1D9 /* Base */,
			);
			name = Main.storyboard;
			sourceTree = "<group>";
		};
		ABBEBB6820BFFBC700B0F1D9 /* LaunchScreen.storyboard */ = {
			isa = PBXVariantGroup;
			children = (
				ABBEBB6920BFFBC700B0F1D9 /* Base */,
			);
			name = LaunchScreen.storyboard;
			sourceTree = "<group>";
		};
/* End PBXVariantGroup section */

/* Begin XCBuildConfiguration section */
		ABBEBB7720BFFBC700B0F1D9 /* Debug */ = {
			isa = XCBuildConfiguration;
			buildSettings = {
				ALWAYS_SEARCH_USER_PATHS = NO;
				CLANG_ANALYZER_NONNULL = YES;
				CLANG_ANALYZER_NUMBER_OBJECT_CONVERSION = YES_AGGRESSIVE;
				CLANG_CXX_LANGUAGE_STANDARD = "gnu++14";
				CLANG_CXX_LIBRARY = "libc++";
				CLANG_ENABLE_MODULES = YES;
				CLANG_ENABLE_OBJC_ARC = YES;
				CLANG_WARN_BLOCK_CAPTURE_AUTORELEASING = YES;
				CLANG_WARN_BOOL_CONVERSION = YES;
				CLANG_WARN_COMMA = YES;
				CLANG_WARN_CONSTANT_CONVERSION = YES;
				CLANG_WARN_DEPRECATED_OBJC_IMPLEMENTATIONS = YES;
				CLANG_WARN_DIRECT_OBJC_ISA_USAGE = YES_ERROR;
				CLANG_WARN_DOCUMENTATION_COMMENTS = YES;
				CLANG_WARN_EMPTY_BODY = YES;
				CLANG_WARN_ENUM_CONVERSION = YES;
				CLANG_WARN_INFINITE_RECURSION = YES;
				CLANG_WARN_INT_CONVERSION = YES;
				CLANG_WARN_NON_LITERAL_NULL_CONVERSION = YES;
				CLANG_WARN_OBJC_IMPLICIT_RETAIN_SELF = YES;
				CLANG_WARN_OBJC_LITERAL_CONVERSION = YES;
				CLANG_WARN_OBJC_ROOT_CLASS = YES_ERROR;
				CLANG_WARN_RANGE_LOOP_ANALYSIS = YES;
				CLANG_WARN_STRICT_PROTOTYPES = YES;
				CLANG_WARN_SUSPICIOUS_MOVE = YES;
				CLANG_WARN_UNGUARDED_AVAILABILITY = YES_AGGRESSIVE;
				CLANG_WARN_UNREACHABLE_CODE = YES;
				CLANG_WARN__DUPLICATE_METHOD_MATCH = YES;
				CODE_SIGN_IDENTITY = "iPhone Developer";
				COPY_PHASE_STRIP = NO;
				CURRENT_PROJECT_VERSION = 3;
				DEBUG_INFORMATION_FORMAT = dwarf;
				ENABLE_STRICT_OBJC_MSGSEND = YES;
				ENABLE_TESTABILITY = YES;
				GCC_C_LANGUAGE_STANDARD = gnu11;
				GCC_DYNAMIC_NO_PIC = NO;
				GCC_NO_COMMON_BLOCKS = YES;
				GCC_OPTIMIZATION_LEVEL = 0;
				GCC_PREPROCESSOR_DEFINITIONS = (
					"DEBUG=1",
					"$(inherited)",
				);
				GCC_WARN_64_TO_32_BIT_CONVERSION = YES;
				GCC_WARN_ABOUT_RETURN_TYPE = YES_ERROR;
				GCC_WARN_UNDECLARED_SELECTOR = YES;
				GCC_WARN_UNINITIALIZED_AUTOS = YES_AGGRESSIVE;
				GCC_WARN_UNUSED_FUNCTION = YES;
				GCC_WARN_UNUSED_VARIABLE = YES;
				IPHONEOS_DEPLOYMENT_TARGET = 11.2;
				MTL_ENABLE_DEBUG_INFO = YES;
				ONLY_ACTIVE_ARCH = YES;
				SDKROOT = iphoneos;
				SWIFT_ACTIVE_COMPILATION_CONDITIONS = DEBUG;
				SWIFT_OPTIMIZATION_LEVEL = "-Onone";
			};
			name = Debug;
		};
		ABBEBB7820BFFBC700B0F1D9 /* Release */ = {
			isa = XCBuildConfiguration;
			buildSettings = {
				ALWAYS_SEARCH_USER_PATHS = NO;
				CLANG_ANALYZER_NONNULL = YES;
				CLANG_ANALYZER_NUMBER_OBJECT_CONVERSION = YES_AGGRESSIVE;
				CLANG_CXX_LANGUAGE_STANDARD = "gnu++14";
				CLANG_CXX_LIBRARY = "libc++";
				CLANG_ENABLE_MODULES = YES;
				CLANG_ENABLE_OBJC_ARC = YES;
				CLANG_WARN_BLOCK_CAPTURE_AUTORELEASING = YES;
				CLANG_WARN_BOOL_CONVERSION = YES;
				CLANG_WARN_COMMA = YES;
				CLANG_WARN_CONSTANT_CONVERSION = YES;
				CLANG_WARN_DEPRECATED_OBJC_IMPLEMENTATIONS = YES;
				CLANG_WARN_DIRECT_OBJC_ISA_USAGE = YES_ERROR;
				CLANG_WARN_DOCUMENTATION_COMMENTS = YES;
				CLANG_WARN_EMPTY_BODY = YES;
				CLANG_WARN_ENUM_CONVERSION = YES;
				CLANG_WARN_INFINITE_RECURSION = YES;
				CLANG_WARN_INT_CONVERSION = YES;
				CLANG_WARN_NON_LITERAL_NULL_CONVERSION = YES;
				CLANG_WARN_OBJC_IMPLICIT_RETAIN_SELF = YES;
				CLANG_WARN_OBJC_LITERAL_CONVERSION = YES;
				CLANG_WARN_OBJC_ROOT_CLASS = YES_ERROR;
				CLANG_WARN_RANGE_LOOP_ANALYSIS = YES;
				CLANG_WARN_STRICT_PROTOTYPES = YES;
				CLANG_WARN_SUSPICIOUS_MOVE = YES;
				CLANG_WARN_UNGUARDED_AVAILABILITY = YES_AGGRESSIVE;
				CLANG_WARN_UNREACHABLE_CODE = YES;
				CLANG_WARN__DUPLICATE_METHOD_MATCH = YES;
				CODE_SIGN_IDENTITY = "iPhone Developer";
				COPY_PHASE_STRIP = NO;
				CURRENT_PROJECT_VERSION = 3;
				DEBUG_INFORMATION_FORMAT = "dwarf-with-dsym";
				ENABLE_NS_ASSERTIONS = NO;
				ENABLE_STRICT_OBJC_MSGSEND = YES;
				GCC_C_LANGUAGE_STANDARD = gnu11;
				GCC_NO_COMMON_BLOCKS = YES;
				GCC_WARN_64_TO_32_BIT_CONVERSION = YES;
				GCC_WARN_ABOUT_RETURN_TYPE = YES_ERROR;
				GCC_WARN_UNDECLARED_SELECTOR = YES;
				GCC_WARN_UNINITIALIZED_AUTOS = YES_AGGRESSIVE;
				GCC_WARN_UNUSED_FUNCTION = YES;
				GCC_WARN_UNUSED_VARIABLE = YES;
				IPHONEOS_DEPLOYMENT_TARGET = 11.2;
				MTL_ENABLE_DEBUG_INFO = NO;
				SDKROOT = iphoneos;
				SWIFT_OPTIMIZATION_LEVEL = "-Owholemodule";
				VALIDATE_PRODUCT = YES;
			};
			name = Release;
		};
		ABBEBB7A20BFFBC700B0F1D9 /* Debug */ = {
			isa = XCBuildConfiguration;
			buildSettings = {
				ASSETCATALOG_COMPILER_APPICON_NAME = AppIcon;
				CODE_SIGN_IDENTITY = "iPhone Developer";
				CODE_SIGN_STYLE = Automatic;
				DEVELOPMENT_TEAM = F87RSB75AS;
				INFOPLIST_FILE = "ATSSDK-Sample/Info.plist";
				IPHONEOS_DEPLOYMENT_TARGET = 11.0;
				LD_RUNPATH_SEARCH_PATHS = "$(inherited) @executable_path/Frameworks";
				PRODUCT_BUNDLE_IDENTIFIER = "com.mastercard.pgs.ats-sample-app";
				PRODUCT_NAME = "$(TARGET_NAME)";
				PROVISIONING_PROFILE_SPECIFIER = "";
				SWIFT_VERSION = 5.0;
				TARGETED_DEVICE_FAMILY = "1,2";
			};
			name = Debug;
		};
		ABBEBB7B20BFFBC700B0F1D9 /* Release */ = {
			isa = XCBuildConfiguration;
			buildSettings = {
				ASSETCATALOG_COMPILER_APPICON_NAME = AppIcon;
				CODE_SIGN_IDENTITY = "iPhone Developer";
				CODE_SIGN_STYLE = Automatic;
				DEVELOPMENT_TEAM = F87RSB75AS;
				INFOPLIST_FILE = "ATSSDK-Sample/Info.plist";
				IPHONEOS_DEPLOYMENT_TARGET = 11.0;
				LD_RUNPATH_SEARCH_PATHS = "$(inherited) @executable_path/Frameworks";
				PRODUCT_BUNDLE_IDENTIFIER = "com.mastercard.pgs.ats-sample-app";
				PRODUCT_NAME = "$(TARGET_NAME)";
				PROVISIONING_PROFILE_SPECIFIER = "";
				SWIFT_VERSION = 5.0;
				TARGETED_DEVICE_FAMILY = "1,2";
			};
			name = Release;
		};
		ABBEBB7D20BFFBC700B0F1D9 /* Debug */ = {
			isa = XCBuildConfiguration;
			buildSettings = {
				ALWAYS_EMBED_SWIFT_STANDARD_LIBRARIES = YES;
				BUNDLE_LOADER = "$(TEST_HOST)";
				CODE_SIGN_STYLE = Automatic;
				INFOPLIST_FILE = "ATSSDK-SampleTests/Info.plist";
				LD_RUNPATH_SEARCH_PATHS = "$(inherited) @executable_path/Frameworks @loader_path/Frameworks";
				PRODUCT_BUNDLE_IDENTIFIER = "com.mastercard.gateway.ATSSDK-iOS-Sample.ATSSDK-SampleTests";
				PRODUCT_NAME = "$(TARGET_NAME)";
				SWIFT_VERSION = 5.0;
				TARGETED_DEVICE_FAMILY = "1,2";
				TEST_HOST = "$(BUILT_PRODUCTS_DIR)/ATSSDK-Sample.app/ATSSDK-Sample";
			};
			name = Debug;
		};
		ABBEBB7E20BFFBC700B0F1D9 /* Release */ = {
			isa = XCBuildConfiguration;
			buildSettings = {
				ALWAYS_EMBED_SWIFT_STANDARD_LIBRARIES = YES;
				BUNDLE_LOADER = "$(TEST_HOST)";
				CODE_SIGN_STYLE = Automatic;
				INFOPLIST_FILE = "ATSSDK-SampleTests/Info.plist";
				LD_RUNPATH_SEARCH_PATHS = "$(inherited) @executable_path/Frameworks @loader_path/Frameworks";
				PRODUCT_BUNDLE_IDENTIFIER = "com.mastercard.gateway.ATSSDK-iOS-Sample.ATSSDK-SampleTests";
				PRODUCT_NAME = "$(TARGET_NAME)";
				SWIFT_VERSION = 5.0;
				TARGETED_DEVICE_FAMILY = "1,2";
				TEST_HOST = "$(BUILT_PRODUCTS_DIR)/ATSSDK-Sample.app/ATSSDK-Sample";
			};
			name = Release;
		};
/* End XCBuildConfiguration section */

/* Begin XCConfigurationList section */
		ABBEBB5720BFFBC700B0F1D9 /* Build configuration list for PBXProject "ATSSDK-Sample" */ = {
			isa = XCConfigurationList;
			buildConfigurations = (
				ABBEBB7720BFFBC700B0F1D9 /* Debug */,
				ABBEBB7820BFFBC700B0F1D9 /* Release */,
			);
			defaultConfigurationIsVisible = 0;
			defaultConfigurationName = Release;
		};
		ABBEBB7920BFFBC700B0F1D9 /* Build configuration list for PBXNativeTarget "ATSSDK-Sample" */ = {
			isa = XCConfigurationList;
			buildConfigurations = (
				ABBEBB7A20BFFBC700B0F1D9 /* Debug */,
				ABBEBB7B20BFFBC700B0F1D9 /* Release */,
			);
			defaultConfigurationIsVisible = 0;
			defaultConfigurationName = Release;
		};
		ABBEBB7C20BFFBC700B0F1D9 /* Build configuration list for PBXNativeTarget "ATSSDK-SampleTests" */ = {
			isa = XCConfigurationList;
			buildConfigurations = (
				ABBEBB7D20BFFBC700B0F1D9 /* Debug */,
				ABBEBB7E20BFFBC700B0F1D9 /* Release */,
			);
			defaultConfigurationIsVisible = 0;
			defaultConfigurationName = Release;
		};
/* End XCConfigurationList section */
	};
	rootObject = ABBEBB5420BFFBC700B0F1D9 /* Project object */;
}
